
Microsoft Visual Studio Solution File, Format Version 12.00
# Visual Studio Version 17
VisualStudioVersion = 17.0.31903.59
MinimumVisualStudioVersion = 10.0.40219.1
Project("{FAE04EC0-301F-11D3-BF4B-00C04F79EFBC}") = "Project07_StringMethods", "Project07_StringMethods\Project07_StringMethods.csproj", "{5DD0A0DC-6CC4-41B8-B694-9C72394A20B8}"
EndProject
Project("{FAE04EC0-301F-11D3-BF4B-00C04F79EFBC}") = "Project08_NumberMethods", "Project08_NumberMethods\Project08_NumberMethods.csproj", "{741563C8-F597-4037-BFD5-A3CFA61D888C}"
EndProject
Project("{FAE04EC0-301F-11D3-BF4B-00C04F79EFBC}") = "Project09_DateTimeMethods", "Project09_DateTimeMethods\Project09_DateTimeMethods.csproj", "{B5E81EF7-2C6D-4B23-8A1F-8BAE86FAE4DA}"
EndProject
Project("{FAE04EC0-301F-11D3-BF4B-00C04F79EFBC}") = "Project10_Conditions", "Project10_Conditions\Project10_Conditions.csproj", "{36619F33-2140-4A10-8A7C-7DBFE9BF8C0E}"
EndProject
Global
	GlobalSection(SolutionConfigurationPlatforms) = preSolution
		Debug|Any CPU = Debug|Any CPU
		Release|Any CPU = Release|Any CPU
	EndGlobalSection
	GlobalSection(ProjectConfigurationPlatforms) = postSolution
		{5DD0A0DC-6CC4-41B8-B694-9C72394A20B8}.Debug|Any CPU.ActiveCfg = Debug|Any CPU
		{5DD0A0DC-6CC4-41B8-B694-9C72394A20B8}.Debug|Any CPU.Build.0 = Debug|Any CPU
		{5DD0A0DC-6CC4-41B8-B694-9C72394A20B8}.Release|Any CPU.ActiveCfg = Release|Any CPU
		{5DD0A0DC-6CC4-41B8-B694-9C72394A20B8}.Release|Any CPU.Build.0 = Release|Any CPU
		{741563C8-F597-4037-BFD5-A3CFA61D888C}.Debug|Any CPU.ActiveCfg = Debug|Any CPU
		{741563C8-F597-4037-BFD5-A3CFA61D888C}.Debug|Any CPU.Build.0 = Debug|Any CPU
		{741563C8-F597-4037-BFD5-A3CFA61D888C}.Release|Any CPU.ActiveCfg = Release|Any CPU
		{741563C8-F597-4037-BFD5-A3CFA61D888C}.Release|Any CPU.Build.0 = Release|Any CPU
		{B5E81EF7-2C6D-4B23-8A1F-8BAE86FAE4DA}.Debug|Any CPU.ActiveCfg = Debug|Any CPU
		{B5E81EF7-2C6D-4B23-8A1F-8BAE86FAE4DA}.Debug|Any CPU.Build.0 = Debug|Any CPU
		{B5E81EF7-2C6D-4B23-8A1F-8BAE86FAE4DA}.Release|Any CPU.ActiveCfg = Release|Any CPU
		{B5E81EF7-2C6D-4B23-8A1F-8BAE86FAE4DA}.Release|Any CPU.Build.0 = Release|Any CPU
		{36619F33-2140-4A10-8A7C-7DBFE9BF8C0E}.Debug|Any CPU.ActiveCfg = Debug|Any CPU
		{36619F33-2140-4A10-8A7C-7DBFE9BF8C0E}.Debug|Any CPU.Build.0 = Debug|Any CPU
		{36619F33-2140-4A10-8A7C-7DBFE9BF8C0E}.Release|Any CPU.ActiveCfg = Release|Any CPU
		{36619F33-2140-4A10-8A7C-7DBFE9BF8C0E}.Release|Any CPU.Build.0 = Release|Any CPU
	EndGlobalSection
	GlobalSection(SolutionProperties) = preSolution
		HideSolutionNode = FALSE
	EndGlobalSection
EndGlobal
