
Microsoft Visual Studio Solution File, Format Version 12.00
# Visual Studio Version 17
VisualStudioVersion = 17.5.002.0
MinimumVisualStudioVersion = 10.0.40219.1
Project("{9A19103F-16F7-4668-BE54-9A1E7A4F7556}") = "HomeWork15", "HomeWork15.csproj", "{4064C5EA-B87C-427D-9C9B-DEFDDC204E59}"
EndProject
Global
	GlobalSection(SolutionConfigurationPlatforms) = preSolution
		Debug|Any CPU = Debug|Any CPU
		Release|Any CPU = Release|Any CPU
	EndGlobalSection
	GlobalSection(ProjectConfigurationPlatforms) = postSolution
		{4064C5EA-B87C-427D-9C9B-DEFDDC204E59}.Debug|Any CPU.ActiveCfg = Debug|Any CPU
		{4064C5EA-B87C-427D-9C9B-DEFDDC204E59}.Debug|Any CPU.Build.0 = Debug|Any CPU
		{4064C5EA-B87C-427D-9C9B-DEFDDC204E59}.Release|Any CPU.ActiveCfg = Release|Any CPU
		{4064C5EA-B87C-427D-9C9B-DEFDDC204E59}.Release|Any CPU.Build.0 = Release|Any CPU
	EndGlobalSection
	GlobalSection(SolutionProperties) = preSolution
		HideSolutionNode = FALSE
	EndGlobalSection
	GlobalSection(ExtensibilityGlobals) = postSolution
		SolutionGuid = {55100ACE-402A-4B12-B843-9144DB959736}
	EndGlobalSection
EndGlobal
