
Microsoft Visual Studio Solution File, Format Version 12.00
# Visual Studio Version 17
VisualStudioVersion = 17.5.002.0
MinimumVisualStudioVersion = 10.0.40219.1
Project("{9A19103F-16F7-4668-BE54-9A1E7A4F7556}") = "03-datetime-methods-homework", "03-datetime-methods-homework.csproj", "{38459B56-FB6F-4318-B9BA-2FA7CFD17DFB}"
EndProject
Global
	GlobalSection(SolutionConfigurationPlatforms) = preSolution
		Debug|Any CPU = Debug|Any CPU
		Release|Any CPU = Release|Any CPU
	EndGlobalSection
	GlobalSection(ProjectConfigurationPlatforms) = postSolution
		{38459B56-FB6F-4318-B9BA-2FA7CFD17DFB}.Debug|Any CPU.ActiveCfg = Debug|Any CPU
		{38459B56-FB6F-4318-B9BA-2FA7CFD17DFB}.Debug|Any CPU.Build.0 = Debug|Any CPU
		{38459B56-FB6F-4318-B9BA-2FA7CFD17DFB}.Release|Any CPU.ActiveCfg = Release|Any CPU
		{38459B56-FB6F-4318-B9BA-2FA7CFD17DFB}.Release|Any CPU.Build.0 = Release|Any CPU
	EndGlobalSection
	GlobalSection(SolutionProperties) = preSolution
		HideSolutionNode = FALSE
	EndGlobalSection
	GlobalSection(ExtensibilityGlobals) = postSolution
		SolutionGuid = {B1E63D4F-691D-4AB3-BB71-55BE5A5858F2}
	EndGlobalSection
EndGlobal
